<?xml version="1.0" encoding="utf-8"?>
<Project ToolsVersion="4.0" xmlns="http://schemas.microsoft.com/developer/msbuild/2003">
  <ItemGroup>
    <Filter Include="소스 파일">
      <UniqueIdentifier>{4FC737F1-C7A5-4376-A066-2A32D752A2FF}</UniqueIdentifier>
      <Extensions>cpp;c;cc;cxx;def;odl;idl;hpj;bat;asm;asmx</Extensions>
    </Filter>
    <Filter Include="헤더 파일">
      <UniqueIdentifier>{93995380-89BD-4b04-88EB-625FBE52EBFB}</UniqueIdentifier>
      <Extensions>h;hh;hpp;hxx;hm;inl;inc;ipp;xsd</Extensions>
    </Filter>
    <Filter Include="리소스 파일">
      <UniqueIdentifier>{67DA6AB6-F800-4c08-8B7A-83BB121AAD01}</UniqueIdentifier>
      <Extensions>rc;ico;cur;bmp;dlg;rc2;rct;bin;rgs;gif;jpg;jpeg;jpe;resx;tiff;tif;png;wav;mfcribbon-ms</Extensions>
    </Filter>
    <Filter Include="소스 파일\0715">
      <UniqueIdentifier>{d6cf50a6-4b58-4e62-883f-0f35d9f0e77c}</UniqueIdentifier>
    </Filter>
    <Filter Include="소스 파일\0716">
      <UniqueIdentifier>{ceda5442-20ae-4fa1-b999-ad23325eef41}</UniqueIdentifier>
    </Filter>
    <Filter Include="소스 파일\0717">
      <UniqueIdentifier>{dc542f98-bc13-43e6-b7ff-feef5af77260}</UniqueIdentifier>
    </Filter>
    <Filter Include="소스 파일\0718">
      <UniqueIdentifier>{3527d5d9-99e4-47b3-b96b-420b68316ae2}</UniqueIdentifier>
    </Filter>
    <Filter Include="소스 파일\0719">
      <UniqueIdentifier>{6ae793e7-8e67-4d74-b28d-7e8ed58c8373}</UniqueIdentifier>
    </Filter>
    <Filter Include="소스 파일\0722">
      <UniqueIdentifier>{9279223c-a0af-450b-8469-dc1e0499a71b}</UniqueIdentifier>
    </Filter>
    <Filter Include="소스 파일\0723">
      <UniqueIdentifier>{5e121256-8bc5-484c-9007-e9d2b10a8eed}</UniqueIdentifier>
    </Filter>
    <Filter Include="소스 파일\0724">
      <UniqueIdentifier>{2a21d4e5-afee-497d-a59d-73a07e1f066d}</UniqueIdentifier>
    </Filter>
    <Filter Include="소스 파일\0725">
      <UniqueIdentifier>{870f622f-f41c-4a71-8ef9-ae7361fe3cba}</UniqueIdentifier>
    </Filter>
    <Filter Include="소스 파일\0726">
      <UniqueIdentifier>{0c492ee2-9fdc-4701-871e-ae7c7f3818e9}</UniqueIdentifier>
    </Filter>
    <Filter Include="소스 파일\0729">
      <UniqueIdentifier>{5a6c663d-d893-4928-98b7-986a5f585c91}</UniqueIdentifier>
    </Filter>
    <Filter Include="소스 파일\0730">
      <UniqueIdentifier>{da45c884-fd60-4453-a41b-327a90e29798}</UniqueIdentifier>
    </Filter>
    <Filter Include="소스 파일\0731">
      <UniqueIdentifier>{85af84e6-4a60-498c-8e6d-a8c201c791bf}</UniqueIdentifier>
    </Filter>
    <Filter Include="소스 파일\0801">
      <UniqueIdentifier>{0d1c1db3-813b-41fb-9a3b-39d9893c9cd2}</UniqueIdentifier>
    </Filter>
    <Filter Include="헤더 파일\0722">
      <UniqueIdentifier>{09763c38-45b8-4758-9d75-7ed0aae409e4}</UniqueIdentifier>
    </Filter>
    <Filter Include="헤더 파일\0724">
      <UniqueIdentifier>{796b0787-45a4-4ca1-9c0f-ee11b9a44e52}</UniqueIdentifier>
    </Filter>
    <Filter Include="헤더 파일\0725">
      <UniqueIdentifier>{be391c40-0d4b-4699-8d34-d73a2579b4c0}</UniqueIdentifier>
    </Filter>
    <Filter Include="헤더 파일\0726">
      <UniqueIdentifier>{8ff08fad-e323-4ee9-84ad-c0e88be29a36}</UniqueIdentifier>
    </Filter>
    <Filter Include="헤더 파일\0729">
      <UniqueIdentifier>{da06375c-78be-4872-9880-0924d484c74d}</UniqueIdentifier>
    </Filter>
    <Filter Include="헤더 파일\0730">
      <UniqueIdentifier>{f5617f6a-4e96-4771-a2c2-41ddf762cd55}</UniqueIdentifier>
    </Filter>
    <Filter Include="헤더 파일\0731">
      <UniqueIdentifier>{e6e41dfe-7d8d-4b2e-88e6-a005ab819082}</UniqueIdentifier>
    </Filter>
    <Filter Include="헤더 파일\0801">
      <UniqueIdentifier>{e4eb9c99-0635-46c9-9f0c-b8bb8c71c022}</UniqueIdentifier>
    </Filter>
    <Filter Include="소스 파일\0802">
      <UniqueIdentifier>{4dca6af7-2bdd-444f-8310-33b9b9dda7c4}</UniqueIdentifier>
    </Filter>
    <Filter Include="헤더 파일\0802">
      <UniqueIdentifier>{da80af52-e247-4bdd-a2d6-799abc9b42ec}</UniqueIdentifier>
    </Filter>
    <Filter Include="소스 파일\0805">
      <UniqueIdentifier>{cc468b20-1d9f-4e3d-af54-1136d0f08374}</UniqueIdentifier>
    </Filter>
    <Filter Include="헤더 파일\0805">
      <UniqueIdentifier>{2796ffe6-9666-4282-b440-b57968d245bb}</UniqueIdentifier>
    </Filter>
    <Filter Include="소스 파일\0806">
      <UniqueIdentifier>{6372d479-aa9e-4889-b9d0-632710b62068}</UniqueIdentifier>
    </Filter>
    <Filter Include="헤더 파일\0806">
      <UniqueIdentifier>{1fbd89c3-0dbb-481b-9f41-e7d3f15ee2cc}</UniqueIdentifier>
    </Filter>
    <Filter Include="소스 파일\0807">
      <UniqueIdentifier>{104c8d39-0ea1-41ef-8ed7-38f9b8ee0e13}</UniqueIdentifier>
    </Filter>
    <Filter Include="헤더 파일\0807">
      <UniqueIdentifier>{7c574b2a-f890-46b2-805e-1c61a5a1ee93}</UniqueIdentifier>
    </Filter>
    <Filter Include="헤더 파일\0808">
      <UniqueIdentifier>{8b97bf69-d4b0-4c25-afba-ca5f4e4128ba}</UniqueIdentifier>
    </Filter>
    <Filter Include="소스 파일\0808">
      <UniqueIdentifier>{9f66cd2a-b9ba-4340-b486-075a98077b4b}</UniqueIdentifier>
    </Filter>
  </ItemGroup>
  <ItemGroup>
    <ClCompile Include="BinarySearch.c">
      <Filter>소스 파일\0715</Filter>
    </ClCompile>
    <ClCompile Include="LinearSearch.c">
      <Filter>소스 파일\0715</Filter>
    </ClCompile>
    <ClCompile Include="RecursivaFactorial.c">
      <Filter>소스 파일\0716</Filter>
    </ClCompile>
    <ClCompile Include="BSWorstOpCount.c">
      <Filter>소스 파일\0716</Filter>
    </ClCompile>
    <ClCompile Include="FibonacciFunc.c">
      <Filter>소스 파일\0717</Filter>
    </ClCompile>
    <ClCompile Include="HanoiTowerSolu.c">
      <Filter>소스 파일\0717</Filter>
    </ClCompile>
    <ClCompile Include="FiboFuncProcedure.c">
      <Filter>소스 파일\0717</Filter>
    </ClCompile>
    <ClCompile Include="RecursiveBinarySearch.c">
      <Filter>소스 파일\0717</Filter>
    </ClCompile>
    <ClCompile Include="ArrayList.c">
      <Filter>소스 파일\0718</Filter>
    </ClCompile>
    <ClCompile Include="Point.c">
      <Filter>소스 파일\0719</Filter>
    </ClCompile>
    <ClCompile Include="PointListMain.c">
      <Filter>소스 파일\0719</Filter>
    </ClCompile>
    <ClCompile Include="ListMain.c">
      <Filter>소스 파일\0719</Filter>
    </ClCompile>
    <ClCompile Include="PointMain2.c">
      <Filter>소스 파일\0722</Filter>
    </ClCompile>
    <ClCompile Include="LinkedRead.c">
      <Filter>소스 파일\0723</Filter>
    </ClCompile>
    <ClCompile Include="DLinkedList.c">
      <Filter>소스 파일\0724</Filter>
    </ClCompile>
    <ClCompile Include="LinkedRead2.c">
      <Filter>소스 파일\0723</Filter>
    </ClCompile>
    <ClCompile Include="DlinkedListMain.c">
      <Filter>소스 파일\0724</Filter>
    </ClCompile>
    <ClCompile Include="CLinkedList.c">
      <Filter>소스 파일\0725</Filter>
    </ClCompile>
    <ClCompile Include="CLinkedListMain.c">
      <Filter>소스 파일\0725</Filter>
    </ClCompile>
    <ClCompile Include="DBLinkedList.c">
      <Filter>소스 파일\0726</Filter>
    </ClCompile>
    <ClCompile Include="DBLinkedListMain.c">
      <Filter>소스 파일\0726</Filter>
    </ClCompile>
    <ClCompile Include="ArrayBaseStack.c">
      <Filter>소스 파일\0729</Filter>
    </ClCompile>
    <ClCompile Include="ArrayBaseStackMain.c">
      <Filter>소스 파일\0729</Filter>
    </ClCompile>
    <ClCompile Include="ListBaseStack.c">
      <Filter>소스 파일\0729</Filter>
    </ClCompile>
    <ClCompile Include="ListBaseStackMain.c">
      <Filter>소스 파일\0729</Filter>
    </ClCompile>
    <ClCompile Include="InfixToPostfix.c">
      <Filter>소스 파일\0730</Filter>
    </ClCompile>
    <ClCompile Include="InfixToPostfixMain.c">
      <Filter>소스 파일\0730</Filter>
    </ClCompile>
    <ClCompile Include="InfixCalculator.c">
      <Filter>소스 파일\0731</Filter>
    </ClCompile>
    <ClCompile Include="InfixCalculatorMain.c">
      <Filter>소스 파일\0731</Filter>
    </ClCompile>
    <ClCompile Include="PostCalculator.c">
      <Filter>소스 파일\0731</Filter>
    </ClCompile>
    <ClCompile Include="PostCalculatorMain.c">
      <Filter>소스 파일\0731</Filter>
    </ClCompile>
    <ClCompile Include="CircularQueue.c">
      <Filter>소스 파일\0801</Filter>
    </ClCompile>
    <ClCompile Include="CircularQueueMain.c">
      <Filter>소스 파일\0801</Filter>
    </ClCompile>
    <ClCompile Include="ListBaseQueue.c">
      <Filter>소스 파일\0801</Filter>
    </ClCompile>
    <ClCompile Include="ListBaseQueueMain.c">
      <Filter>소스 파일\0801</Filter>
    </ClCompile>
    <ClCompile Include="HamburgerSim.c">
      <Filter>소스 파일\0802</Filter>
    </ClCompile>
    <ClCompile Include="Deque.c">
      <Filter>소스 파일\0802</Filter>
    </ClCompile>
    <ClCompile Include="DequeMain.c">
      <Filter>소스 파일\0802</Filter>
    </ClCompile>
    <ClCompile Include="BinaryTree.c">
      <Filter>소스 파일\0805</Filter>
    </ClCompile>
    <ClCompile Include="BinaryTreeMain.c">
      <Filter>소스 파일\0805</Filter>
    </ClCompile>
    <ClCompile Include="BinaryTreeTraverseMain.c">
      <Filter>소스 파일\0805</Filter>
    </ClCompile>
    <ClCompile Include="BinaryTree2.c">
      <Filter>소스 파일\0805</Filter>
    </ClCompile>
    <ClCompile Include="BinaryTreeMain2.c">
      <Filter>소스 파일\0805</Filter>
    </ClCompile>
    <ClCompile Include="ExpressionTree.c">
      <Filter>소스 파일\0806</Filter>
    </ClCompile>
    <ClCompile Include="ExpressionMain.c">
      <Filter>소스 파일\0806</Filter>
    </ClCompile>
    <ClCompile Include="SimpleHeap.c">
      <Filter>소스 파일\0807</Filter>
    </ClCompile>
    <ClCompile Include="SimpleHeapMain.c">
      <Filter>소스 파일\0807</Filter>
    </ClCompile>
    <ClCompile Include="UsefulHeap.c">
      <Filter>소스 파일\0808</Filter>
    </ClCompile>
    <ClCompile Include="UsefulHeapMain.c">
      <Filter>소스 파일\0808</Filter>
    </ClCompile>
  </ItemGroup>
  <ItemGroup>
    <ClInclude Include="ArrayList.h">
      <Filter>헤더 파일\0722</Filter>
    </ClInclude>
    <ClInclude Include="Point.h">
      <Filter>헤더 파일\0722</Filter>
    </ClInclude>
    <ClInclude Include="DLinkedList.h">
      <Filter>헤더 파일\0724</Filter>
    </ClInclude>
    <ClInclude Include="CLinkedList.h">
      <Filter>헤더 파일\0725</Filter>
    </ClInclude>
    <ClInclude Include="DBLinkedList.h">
      <Filter>헤더 파일\0726</Filter>
    </ClInclude>
    <ClInclude Include="ArrayBaseStack.h">
      <Filter>헤더 파일\0729</Filter>
    </ClInclude>
    <ClInclude Include="ListBaseStack.h">
      <Filter>헤더 파일\0729</Filter>
    </ClInclude>
    <ClInclude Include="InfixToPostfix.h">
      <Filter>헤더 파일\0730</Filter>
    </ClInclude>
    <ClInclude Include="CircularQueue.h">
      <Filter>헤더 파일\0731</Filter>
    </ClInclude>
    <ClInclude Include="InfixCalculator.h">
      <Filter>헤더 파일\0731</Filter>
    </ClInclude>
    <ClInclude Include="PostCalculator.h">
      <Filter>헤더 파일\0731</Filter>
    </ClInclude>
    <ClInclude Include="ListBaseQueue.h">
      <Filter>헤더 파일\0801</Filter>
    </ClInclude>
    <ClInclude Include="Deque.h">
      <Filter>헤더 파일\0802</Filter>
    </ClInclude>
    <ClInclude Include="BinaryTree.h">
      <Filter>헤더 파일\0805</Filter>
    </ClInclude>
    <ClInclude Include="BinaryTree2.h">
      <Filter>헤더 파일\0805</Filter>
    </ClInclude>
    <ClInclude Include="ExpressionTree.h">
      <Filter>헤더 파일\0806</Filter>
    </ClInclude>
    <ClInclude Include="SimpleHeap.h">
      <Filter>헤더 파일\0807</Filter>
    </ClInclude>
    <ClInclude Include="UsefulHeap.h">
      <Filter>헤더 파일\0808</Filter>
    </ClInclude>
  </ItemGroup>
</Project>